
Microsoft Visual Studio Solution File, Format Version 12.00
# Visual Studio Version 17
VisualStudioVersion = 17.13.35825.156 d17.13
MinimumVisualStudioVersion = 10.0.40219.1
Project("{FAE04EC0-301F-11D3-BF4B-00C04F79EFBC}") = "UserInfoApp.ConsoleApp", "UserInfoApp.ConsoleApp\UserInfoApp.ConsoleApp.csproj", "{3856DB6C-8DF0-474A-9868-B40FE1E1710C}"
EndProject
Project("{FAE04EC0-301F-11D3-BF4B-00C04F79EFBC}") = "UserInfoApp.Client", "UserInfoApp.Client\UserInfoApp.Client.csproj", "{B5FAB9C9-9835-420A-92FD-59A76BD47FB3}"
EndProject
Project("{FAE04EC0-301F-11D3-BF4B-00C04F79EFBC}") = "UserInfoApp.Tests", "UserInfoApp.Tests\UserInfoApp.Tests.csproj", "{C62BA47C-F2CB-40F7-980D-44BB151337C2}"
EndProject
Global
	GlobalSection(SolutionConfigurationPlatforms) = preSolution
		Debug|Any CPU = Debug|Any CPU
		Release|Any CPU = Release|Any CPU
	EndGlobalSection
	GlobalSection(ProjectConfigurationPlatforms) = postSolution
		{3856DB6C-8DF0-474A-9868-B40FE1E1710C}.Debug|Any CPU.ActiveCfg = Debug|Any CPU
		{3856DB6C-8DF0-474A-9868-B40FE1E1710C}.Debug|Any CPU.Build.0 = Debug|Any CPU
		{3856DB6C-8DF0-474A-9868-B40FE1E1710C}.Release|Any CPU.ActiveCfg = Release|Any CPU
		{3856DB6C-8DF0-474A-9868-B40FE1E1710C}.Release|Any CPU.Build.0 = Release|Any CPU
		{B5FAB9C9-9835-420A-92FD-59A76BD47FB3}.Debug|Any CPU.ActiveCfg = Debug|Any CPU
		{B5FAB9C9-9835-420A-92FD-59A76BD47FB3}.Debug|Any CPU.Build.0 = Debug|Any CPU
		{B5FAB9C9-9835-420A-92FD-59A76BD47FB3}.Release|Any CPU.ActiveCfg = Release|Any CPU
		{B5FAB9C9-9835-420A-92FD-59A76BD47FB3}.Release|Any CPU.Build.0 = Release|Any CPU
		{C62BA47C-F2CB-40F7-980D-44BB151337C2}.Debug|Any CPU.ActiveCfg = Debug|Any CPU
		{C62BA47C-F2CB-40F7-980D-44BB151337C2}.Debug|Any CPU.Build.0 = Debug|Any CPU
		{C62BA47C-F2CB-40F7-980D-44BB151337C2}.Release|Any CPU.ActiveCfg = Release|Any CPU
		{C62BA47C-F2CB-40F7-980D-44BB151337C2}.Release|Any CPU.Build.0 = Release|Any CPU
	EndGlobalSection
	GlobalSection(SolutionProperties) = preSolution
		HideSolutionNode = FALSE
	EndGlobalSection
	GlobalSection(ExtensibilityGlobals) = postSolution
		SolutionGuid = {13C18FE3-4D6E-4D1D-A534-F8E8140F1857}
	EndGlobalSection
EndGlobal
